
Microsoft Visual Studio Solution File, Format Version 12.00
# Visual Studio Version 17
VisualStudioVersion = 17.12.35527.113
MinimumVisualStudioVersion = 10.0.40219.1
Project("{2150E333-8FDC-42A3-9474-1A3956D46DE8}") = "Src", "Src", "{0E0BBC59-7E1A-4936-BEA4-651C422E6685}"
EndProject
Project("{2150E333-8FDC-42A3-9474-1A3956D46DE8}") = "Core", "Core", "{209BDAE2-35F8-4983-87EB-0832F870FB03}"
EndProject
Project("{2150E333-8FDC-42A3-9474-1A3956D46DE8}") = "Infrastrucure", "Infrastrucure", "{D7B1D273-5473-491B-86E3-9F6B12592D5A}"
EndProject
Project("{FAE04EC0-301F-11D3-BF4B-00C04F79EFBC}") = "BankApp.Application", "BankApp.Application\BankApp.Application.csproj", "{872CCD25-D134-4D15-9966-3966034EA9E3}"
EndProject
Project("{2150E333-8FDC-42A3-9474-1A3956D46DE8}") = "API", "API", "{E7293F71-2585-4FBC-A955-65650FF46B58}"
EndProject
Project("{FAE04EC0-301F-11D3-BF4B-00C04F79EFBC}") = "BankApp.Infrastructure", "BankApp.Infrastructure\BankApp.Infrastructure.csproj", "{3498D53F-8E85-400B-808F-157CB955761B}"
EndProject
Project("{FAE04EC0-301F-11D3-BF4B-00C04F79EFBC}") = "BankApp.API", "BankApp.API\BankApp.API.csproj", "{3176A934-61AB-4A74-8B40-FECAE8246945}"
EndProject
Project("{FAE04EC0-301F-11D3-BF4B-00C04F79EFBC}") = "BankApp.Domain", "BankApp.Domain\BankApp.Domain.csproj", "{BBDB38E8-72D6-423F-9FAA-544B026CD1E6}"
EndProject
Project("{FAE04EC0-301F-11D3-BF4B-00C04F79EFBC}") = "BankApp.Identity", "BankApp.Identity\BankApp.Identity.csproj", "{474098F9-B78D-447C-B6B9-BBC58E543BB6}"
EndProject
Global
	GlobalSection(SolutionConfigurationPlatforms) = preSolution
		Debug|Any CPU = Debug|Any CPU
		Release|Any CPU = Release|Any CPU
	EndGlobalSection
	GlobalSection(ProjectConfigurationPlatforms) = postSolution
		{872CCD25-D134-4D15-9966-3966034EA9E3}.Debug|Any CPU.ActiveCfg = Debug|Any CPU
		{872CCD25-D134-4D15-9966-3966034EA9E3}.Debug|Any CPU.Build.0 = Debug|Any CPU
		{872CCD25-D134-4D15-9966-3966034EA9E3}.Release|Any CPU.ActiveCfg = Release|Any CPU
		{872CCD25-D134-4D15-9966-3966034EA9E3}.Release|Any CPU.Build.0 = Release|Any CPU
		{3498D53F-8E85-400B-808F-157CB955761B}.Debug|Any CPU.ActiveCfg = Debug|Any CPU
		{3498D53F-8E85-400B-808F-157CB955761B}.Debug|Any CPU.Build.0 = Debug|Any CPU
		{3498D53F-8E85-400B-808F-157CB955761B}.Release|Any CPU.ActiveCfg = Release|Any CPU
		{3498D53F-8E85-400B-808F-157CB955761B}.Release|Any CPU.Build.0 = Release|Any CPU
		{3176A934-61AB-4A74-8B40-FECAE8246945}.Debug|Any CPU.ActiveCfg = Debug|Any CPU
		{3176A934-61AB-4A74-8B40-FECAE8246945}.Debug|Any CPU.Build.0 = Debug|Any CPU
		{3176A934-61AB-4A74-8B40-FECAE8246945}.Release|Any CPU.ActiveCfg = Release|Any CPU
		{3176A934-61AB-4A74-8B40-FECAE8246945}.Release|Any CPU.Build.0 = Release|Any CPU
		{BBDB38E8-72D6-423F-9FAA-544B026CD1E6}.Debug|Any CPU.ActiveCfg = Debug|Any CPU
		{BBDB38E8-72D6-423F-9FAA-544B026CD1E6}.Debug|Any CPU.Build.0 = Debug|Any CPU
		{BBDB38E8-72D6-423F-9FAA-544B026CD1E6}.Release|Any CPU.ActiveCfg = Release|Any CPU
		{BBDB38E8-72D6-423F-9FAA-544B026CD1E6}.Release|Any CPU.Build.0 = Release|Any CPU
		{474098F9-B78D-447C-B6B9-BBC58E543BB6}.Debug|Any CPU.ActiveCfg = Debug|Any CPU
		{474098F9-B78D-447C-B6B9-BBC58E543BB6}.Debug|Any CPU.Build.0 = Debug|Any CPU
		{474098F9-B78D-447C-B6B9-BBC58E543BB6}.Release|Any CPU.ActiveCfg = Release|Any CPU
		{474098F9-B78D-447C-B6B9-BBC58E543BB6}.Release|Any CPU.Build.0 = Release|Any CPU
	EndGlobalSection
	GlobalSection(SolutionProperties) = preSolution
		HideSolutionNode = FALSE
	EndGlobalSection
	GlobalSection(NestedProjects) = preSolution
		{209BDAE2-35F8-4983-87EB-0832F870FB03} = {0E0BBC59-7E1A-4936-BEA4-651C422E6685}
		{D7B1D273-5473-491B-86E3-9F6B12592D5A} = {0E0BBC59-7E1A-4936-BEA4-651C422E6685}
		{872CCD25-D134-4D15-9966-3966034EA9E3} = {209BDAE2-35F8-4983-87EB-0832F870FB03}
		{E7293F71-2585-4FBC-A955-65650FF46B58} = {0E0BBC59-7E1A-4936-BEA4-651C422E6685}
		{3498D53F-8E85-400B-808F-157CB955761B} = {D7B1D273-5473-491B-86E3-9F6B12592D5A}
		{3176A934-61AB-4A74-8B40-FECAE8246945} = {E7293F71-2585-4FBC-A955-65650FF46B58}
		{BBDB38E8-72D6-423F-9FAA-544B026CD1E6} = {209BDAE2-35F8-4983-87EB-0832F870FB03}
		{474098F9-B78D-447C-B6B9-BBC58E543BB6} = {D7B1D273-5473-491B-86E3-9F6B12592D5A}
	EndGlobalSection
EndGlobal
