
Microsoft Visual Studio Solution File, Format Version 12.00
# Visual Studio Version 17
VisualStudioVersion = 17.12.35527.113
MinimumVisualStudioVersion = 10.0.40219.1
Project("{FAE04EC0-301F-11D3-BF4B-00C04F79EFBC}") = "Assignment_Day5", "Assignment_Day5\Assignment_Day5.csproj", "{84F27EBA-30E8-42A8-8CDE-7EE08BE1A03F}"
EndProject
Project("{FAE04EC0-301F-11D3-BF4B-00C04F79EFBC}") = "Assi5_Question2AbstractVehicle", "Assi5_Question2AbstractVehicle\Assi5_Question2AbstractVehicle.csproj", "{66BCD0F5-EB71-44A5-963D-20169A9E2ECC}"
EndProject
Global
	GlobalSection(SolutionConfigurationPlatforms) = preSolution
		Debug|Any CPU = Debug|Any CPU
		Release|Any CPU = Release|Any CPU
	EndGlobalSection
	GlobalSection(ProjectConfigurationPlatforms) = postSolution
		{84F27EBA-30E8-42A8-8CDE-7EE08BE1A03F}.Debug|Any CPU.ActiveCfg = Debug|Any CPU
		{84F27EBA-30E8-42A8-8CDE-7EE08BE1A03F}.Debug|Any CPU.Build.0 = Debug|Any CPU
		{84F27EBA-30E8-42A8-8CDE-7EE08BE1A03F}.Release|Any CPU.ActiveCfg = Release|Any CPU
		{84F27EBA-30E8-42A8-8CDE-7EE08BE1A03F}.Release|Any CPU.Build.0 = Release|Any CPU
		{66BCD0F5-EB71-44A5-963D-20169A9E2ECC}.Debug|Any CPU.ActiveCfg = Debug|Any CPU
		{66BCD0F5-EB71-44A5-963D-20169A9E2ECC}.Debug|Any CPU.Build.0 = Debug|Any CPU
		{66BCD0F5-EB71-44A5-963D-20169A9E2ECC}.Release|Any CPU.ActiveCfg = Release|Any CPU
		{66BCD0F5-EB71-44A5-963D-20169A9E2ECC}.Release|Any CPU.Build.0 = Release|Any CPU
	EndGlobalSection
	GlobalSection(SolutionProperties) = preSolution
		HideSolutionNode = FALSE
	EndGlobalSection
EndGlobal
