
Microsoft Visual Studio Solution File, Format Version 12.00
# Visual Studio Version 17
VisualStudioVersion = 17.12.35527.113
MinimumVisualStudioVersion = 10.0.40219.1
Project("{FAE04EC0-301F-11D3-BF4B-00C04F79EFBC}") = "AssingmentDay_6Queue", "AssingmentDay_6Queue\AssingmentDay_6Queue.csproj", "{E7616624-ADD5-4E1F-9880-AFCA6167FD49}"
EndProject
Project("{FAE04EC0-301F-11D3-BF4B-00C04F79EFBC}") = "Assignment6_Question2_Hashset", "Assignment6_Question2_Hashset\Assignment6_Question2_Hashset.csproj", "{73606EE9-B6DB-4220-BCFB-02AE3EB6CF08}"
EndProject
Global
	GlobalSection(SolutionConfigurationPlatforms) = preSolution
		Debug|Any CPU = Debug|Any CPU
		Release|Any CPU = Release|Any CPU
	EndGlobalSection
	GlobalSection(ProjectConfigurationPlatforms) = postSolution
		{E7616624-ADD5-4E1F-9880-AFCA6167FD49}.Debug|Any CPU.ActiveCfg = Debug|Any CPU
		{E7616624-ADD5-4E1F-9880-AFCA6167FD49}.Debug|Any CPU.Build.0 = Debug|Any CPU
		{E7616624-ADD5-4E1F-9880-AFCA6167FD49}.Release|Any CPU.ActiveCfg = Release|Any CPU
		{E7616624-ADD5-4E1F-9880-AFCA6167FD49}.Release|Any CPU.Build.0 = Release|Any CPU
		{73606EE9-B6DB-4220-BCFB-02AE3EB6CF08}.Debug|Any CPU.ActiveCfg = Debug|Any CPU
		{73606EE9-B6DB-4220-BCFB-02AE3EB6CF08}.Debug|Any CPU.Build.0 = Debug|Any CPU
		{73606EE9-B6DB-4220-BCFB-02AE3EB6CF08}.Release|Any CPU.ActiveCfg = Release|Any CPU
		{73606EE9-B6DB-4220-BCFB-02AE3EB6CF08}.Release|Any CPU.Build.0 = Release|Any CPU
	EndGlobalSection
	GlobalSection(SolutionProperties) = preSolution
		HideSolutionNode = FALSE
	EndGlobalSection
EndGlobal
